// !$*UTF8*$!
{
	archiveVersion = 1;
	classes = {
	};
	objectVersion = 77;
	objects = {

/* Begin PBXBuildFile section */
		D83E29D22E2A6FBB006BECC2 /* DeviceActivity.framework in Frameworks */ = {isa = PBXBuildFile; fileRef = D83E29D12E2A6FBB006BECC2 /* DeviceActivity.framework */; };
		D83E29DA2E2A6FBB006BECC2 /* CognizeMonitor.appex in Embed Foundation Extensions */ = {isa = PBXBuildFile; fileRef = D83E29CF2E2A6FBB006BECC2 /* CognizeMonitor.appex */; settings = {ATTRIBUTES = (RemoveHeadersOnCopy, ); }; };
		D83E29E62E2A882A006BECC2 /* ManagedSettings.framework in Frameworks */ = {isa = PBXBuildFile; fileRef = D83E29E52E2A882A006BECC2 /* ManagedSettings.framework */; };
		D83E29E82E2A882A006BECC2 /* ManagedSettingsUI.framework in Frameworks */ = {isa = PBXBuildFile; fileRef = D83E29E72E2A882A006BECC2 /* ManagedSettingsUI.framework */; };
		D83E29F02E2A882A006BECC2 /* CognizeShieldConfiguration.appex in Embed Foundation Extensions */ = {isa = PBXBuildFile; fileRef = D83E29E42E2A882A006BECC2 /* CognizeShieldConfiguration.appex */; settings = {ATTRIBUTES = (RemoveHeadersOnCopy, ); }; };
		D83E29FA2E2A8880006BECC2 /* ManagedSettings.framework in Frameworks */ = {isa = PBXBuildFile; fileRef = D83E29E52E2A882A006BECC2 /* ManagedSettings.framework */; };
		D83E2A022E2A8880006BECC2 /* CognizeShieldActionExtension.appex in Embed Foundation Extensions */ = {isa = PBXBuildFile; fileRef = D83E29F92E2A8880006BECC2 /* CognizeShieldActionExtension.appex */; settings = {ATTRIBUTES = (RemoveHeadersOnCopy, ); }; };
		D8EEDE8F2E2F998100EB3DF6 /* CognizeReportExtension.appex in Embed ExtensionKit Extensions */ = {isa = PBXBuildFile; fileRef = D8EEDE832E2F998100EB3DF6 /* CognizeReportExtension.appex */; settings = {ATTRIBUTES = (RemoveHeadersOnCopy, ); }; };
/* End PBXBuildFile section */

/* Begin PBXContainerItemProxy section */
		D83E29D82E2A6FBB006BECC2 /* PBXContainerItemProxy */ = {
			isa = PBXContainerItemProxy;
			containerPortal = D84293572E27A65C00062B39 /* Project object */;
			proxyType = 1;
			remoteGlobalIDString = D83E29CE2E2A6FBB006BECC2;
			remoteInfo = MyMonitor;
		};
		D83E29EE2E2A882A006BECC2 /* PBXContainerItemProxy */ = {
			isa = PBXContainerItemProxy;
			containerPortal = D84293572E27A65C00062B39 /* Project object */;
			proxyType = 1;
			remoteGlobalIDString = D83E29E32E2A882A006BECC2;
			remoteInfo = MyShieldConfiguration;
		};
		D83E2A002E2A8880006BECC2 /* PBXContainerItemProxy */ = {
			isa = PBXContainerItemProxy;
			containerPortal = D84293572E27A65C00062B39 /* Project object */;
			proxyType = 1;
			remoteGlobalIDString = D83E29F82E2A8880006BECC2;
			remoteInfo = MyShieldActionExtension;
		};
		D8EEDE8D2E2F998100EB3DF6 /* PBXContainerItemProxy */ = {
			isa = PBXContainerItemProxy;
			containerPortal = D84293572E27A65C00062B39 /* Project object */;
			proxyType = 1;
			remoteGlobalIDString = D8EEDE822E2F998100EB3DF6;
			remoteInfo = CognizeReportExtension;
		};
/* End PBXContainerItemProxy section */

/* Begin PBXCopyFilesBuildPhase section */
		D83E29DF2E2A6FBB006BECC2 /* Embed Foundation Extensions */ = {
			isa = PBXCopyFilesBuildPhase;
			buildActionMask = 2147483647;
			dstPath = "";
			dstSubfolderSpec = 13;
			files = (
				D83E29F02E2A882A006BECC2 /* CognizeShieldConfiguration.appex in Embed Foundation Extensions */,
				D83E2A022E2A8880006BECC2 /* CognizeShieldActionExtension.appex in Embed Foundation Extensions */,
				D83E29DA2E2A6FBB006BECC2 /* CognizeMonitor.appex in Embed Foundation Extensions */,
			);
			name = "Embed Foundation Extensions";
			runOnlyForDeploymentPostprocessing = 0;
		};
		D8EEDE942E2F998100EB3DF6 /* Embed ExtensionKit Extensions */ = {
			isa = PBXCopyFilesBuildPhase;
			buildActionMask = 2147483647;
			dstPath = "$(EXTENSIONS_FOLDER_PATH)";
			dstSubfolderSpec = 16;
			files = (
				D8EEDE8F2E2F998100EB3DF6 /* CognizeReportExtension.appex in Embed ExtensionKit Extensions */,
			);
			name = "Embed ExtensionKit Extensions";
			runOnlyForDeploymentPostprocessing = 0;
		};
/* End PBXCopyFilesBuildPhase section */

/* Begin PBXFileReference section */
		D83E29CF2E2A6FBB006BECC2 /* CognizeMonitor.appex */ = {isa = PBXFileReference; explicitFileType = "wrapper.app-extension"; includeInIndex = 0; path = CognizeMonitor.appex; sourceTree = BUILT_PRODUCTS_DIR; };
		D83E29D12E2A6FBB006BECC2 /* DeviceActivity.framework */ = {isa = PBXFileReference; lastKnownFileType = wrapper.framework; name = DeviceActivity.framework; path = System/Library/Frameworks/DeviceActivity.framework; sourceTree = SDKROOT; };
		D83E29E42E2A882A006BECC2 /* CognizeShieldConfiguration.appex */ = {isa = PBXFileReference; explicitFileType = "wrapper.app-extension"; includeInIndex = 0; path = CognizeShieldConfiguration.appex; sourceTree = BUILT_PRODUCTS_DIR; };
		D83E29E52E2A882A006BECC2 /* ManagedSettings.framework */ = {isa = PBXFileReference; lastKnownFileType = wrapper.framework; name = ManagedSettings.framework; path = System/Library/Frameworks/ManagedSettings.framework; sourceTree = SDKROOT; };
		D83E29E72E2A882A006BECC2 /* ManagedSettingsUI.framework */ = {isa = PBXFileReference; lastKnownFileType = wrapper.framework; name = ManagedSettingsUI.framework; path = System/Library/Frameworks/ManagedSettingsUI.framework; sourceTree = SDKROOT; };
		D83E29F92E2A8880006BECC2 /* CognizeShieldActionExtension.appex */ = {isa = PBXFileReference; explicitFileType = "wrapper.app-extension"; includeInIndex = 0; path = CognizeShieldActionExtension.appex; sourceTree = BUILT_PRODUCTS_DIR; };
		D842935F2E27A65C00062B39 /* Cognize.app */ = {isa = PBXFileReference; explicitFileType = wrapper.application; includeInIndex = 0; path = Cognize.app; sourceTree = BUILT_PRODUCTS_DIR; };
		D8EEDE832E2F998100EB3DF6 /* CognizeReportExtension.appex */ = {isa = PBXFileReference; explicitFileType = "wrapper.extensionkit-extension"; includeInIndex = 0; path = CognizeReportExtension.appex; sourceTree = BUILT_PRODUCTS_DIR; };
/* End PBXFileReference section */

/* Begin PBXFileSystemSynchronizedBuildFileExceptionSet section */
		D83E29DB2E2A6FBB006BECC2 /* Exceptions for "CognizeMonitor" folder in "CognizeMonitor" target */ = {
			isa = PBXFileSystemSynchronizedBuildFileExceptionSet;
			membershipExceptions = (
				Info.plist,
			);
			target = D83E29CE2E2A6FBB006BECC2 /* CognizeMonitor */;
		};
		D83E29F12E2A882A006BECC2 /* Exceptions for "CognizeShieldConfiguration" folder in "CognizeShieldConfiguration" target */ = {
			isa = PBXFileSystemSynchronizedBuildFileExceptionSet;
			membershipExceptions = (
				Info.plist,
			);
			target = D83E29E32E2A882A006BECC2 /* CognizeShieldConfiguration */;
		};
		D83E2A032E2A8880006BECC2 /* Exceptions for "CognizeShieldActionExtension" folder in "CognizeShieldActionExtension" target */ = {
			isa = PBXFileSystemSynchronizedBuildFileExceptionSet;
			membershipExceptions = (
				Info.plist,
			);
			target = D83E29F82E2A8880006BECC2 /* CognizeShieldActionExtension */;
		};
		D8EEDE902E2F998100EB3DF6 /* Exceptions for "CognizeReportExtension" folder in "CognizeReportExtension" target */ = {
			isa = PBXFileSystemSynchronizedBuildFileExceptionSet;
			membershipExceptions = (
				Info.plist,
			);
			target = D8EEDE822E2F998100EB3DF6 /* CognizeReportExtension */;
		};
		D8EEDE9D2E2F9C8D00EB3DF6 /* Exceptions for "Cognize" folder in "CognizeReportExtension" target */ = {
			isa = PBXFileSystemSynchronizedBuildFileExceptionSet;
			membershipExceptions = (
				Shared/Extensions/ColorCoding.swift,
				Shared/Extensions/DeviceActivityReportContext.swift,
				Shared/Extensions/ManagedSettingsStore.swift,
				Shared/Models/Category/Category.swift,
				Shared/Models/Category/CategoryStore.swift,
				"Shared/Models/Category/CategoryStore+Environment.swift",
				Shared/Models/RestrictionStrategies/BaseRestriction.swift,
				Shared/Models/RestrictionStrategies/IntervalTrackRestriction.swift,
				Shared/Models/RestrictionStrategies/RestrictionConfiguration.swift,
				Shared/Models/RestrictionStrategies/RestrictionStrategy.swift,
				Shared/Models/RestrictionStrategies/ShieldRestriction.swift,
				Shared/Services/HapticsEngine.swift,
				Shared/Services/NotificationManager.swift,
			);
			target = D8EEDE822E2F998100EB3DF6 /* CognizeReportExtension */;
		};
		D8F0F3092E2B97AF0061A375 /* Exceptions for "Cognize" folder in "CognizeMonitor" target */ = {
			isa = PBXFileSystemSynchronizedBuildFileExceptionSet;
			membershipExceptions = (
				Shared/Extensions/ColorCoding.swift,
				Shared/Extensions/ManagedSettingsStore.swift,
				Shared/Models/Category/Category.swift,
				Shared/Models/Category/CategoryStore.swift,
				"Shared/Models/Category/CategoryStore+Environment.swift",
				Shared/Models/RestrictionStrategies/BaseRestriction.swift,
				Shared/Models/RestrictionStrategies/IntervalTrackRestriction.swift,
				Shared/Models/RestrictionStrategies/RestrictionConfiguration.swift,
				Shared/Models/RestrictionStrategies/RestrictionStrategy.swift,
				Shared/Models/RestrictionStrategies/ShieldRestriction.swift,
				Shared/Services/HapticsEngine.swift,
				Shared/Services/NotificationManager.swift,
			);
			target = D83E29CE2E2A6FBB006BECC2 /* CognizeMonitor */;
		};
/* End PBXFileSystemSynchronizedBuildFileExceptionSet section */

/* Begin PBXFileSystemSynchronizedRootGroup section */
		D83E29D32E2A6FBB006BECC2 /* CognizeMonitor */ = {
			isa = PBXFileSystemSynchronizedRootGroup;
			exceptions = (
				D83E29DB2E2A6FBB006BECC2 /* Exceptions for "CognizeMonitor" folder in "CognizeMonitor" target */,
			);
			path = CognizeMonitor;
			sourceTree = "<group>";
		};
		D83E29E92E2A882A006BECC2 /* CognizeShieldConfiguration */ = {
			isa = PBXFileSystemSynchronizedRootGroup;
			exceptions = (
				D83E29F12E2A882A006BECC2 /* Exceptions for "CognizeShieldConfiguration" folder in "CognizeShieldConfiguration" target */,
			);
			path = CognizeShieldConfiguration;
			sourceTree = "<group>";
		};
		D83E29FB2E2A8880006BECC2 /* CognizeShieldActionExtension */ = {
			isa = PBXFileSystemSynchronizedRootGroup;
			exceptions = (
				D83E2A032E2A8880006BECC2 /* Exceptions for "CognizeShieldActionExtension" folder in "CognizeShieldActionExtension" target */,
			);
			path = CognizeShieldActionExtension;
			sourceTree = "<group>";
		};
		D84293612E27A65C00062B39 /* Cognize */ = {
			isa = PBXFileSystemSynchronizedRootGroup;
			exceptions = (
				D8F0F3092E2B97AF0061A375 /* Exceptions for "Cognize" folder in "CognizeMonitor" target */,
				D8EEDE9D2E2F9C8D00EB3DF6 /* Exceptions for "Cognize" folder in "CognizeReportExtension" target */,
			);
			path = Cognize;
			sourceTree = "<group>";
		};
		D8EEDE842E2F998100EB3DF6 /* CognizeReportExtension */ = {
			isa = PBXFileSystemSynchronizedRootGroup;
			exceptions = (
				D8EEDE902E2F998100EB3DF6 /* Exceptions for "CognizeReportExtension" folder in "CognizeReportExtension" target */,
			);
			path = CognizeReportExtension;
			sourceTree = "<group>";
		};
/* End PBXFileSystemSynchronizedRootGroup section */

/* Begin PBXFrameworksBuildPhase section */
		D83E29CC2E2A6FBB006BECC2 /* Frameworks */ = {
			isa = PBXFrameworksBuildPhase;
			buildActionMask = 2147483647;
			files = (
				D83E29D22E2A6FBB006BECC2 /* DeviceActivity.framework in Frameworks */,
			);
			runOnlyForDeploymentPostprocessing = 0;
		};
		D83E29E12E2A882A006BECC2 /* Frameworks */ = {
			isa = PBXFrameworksBuildPhase;
			buildActionMask = 2147483647;
			files = (
				D83E29E62E2A882A006BECC2 /* ManagedSettings.framework in Frameworks */,
				D83E29E82E2A882A006BECC2 /* ManagedSettingsUI.framework in Frameworks */,
			);
			runOnlyForDeploymentPostprocessing = 0;
		};
		D83E29F62E2A8880006BECC2 /* Frameworks */ = {
			isa = PBXFrameworksBuildPhase;
			buildActionMask = 2147483647;
			files = (
				D83E29FA2E2A8880006BECC2 /* ManagedSettings.framework in Frameworks */,
			);
			runOnlyForDeploymentPostprocessing = 0;
		};
		D842935C2E27A65C00062B39 /* Frameworks */ = {
			isa = PBXFrameworksBuildPhase;
			buildActionMask = 2147483647;
			files = (
			);
			runOnlyForDeploymentPostprocessing = 0;
		};
		D8EEDE802E2F998100EB3DF6 /* Frameworks */ = {
			isa = PBXFrameworksBuildPhase;
			buildActionMask = 2147483647;
			files = (
			);
			runOnlyForDeploymentPostprocessing = 0;
		};
/* End PBXFrameworksBuildPhase section */

/* Begin PBXGroup section */
		D83E29D02E2A6FBB006BECC2 /* Frameworks */ = {
			isa = PBXGroup;
			children = (
				D83E29D12E2A6FBB006BECC2 /* DeviceActivity.framework */,
				D83E29E52E2A882A006BECC2 /* ManagedSettings.framework */,
				D83E29E72E2A882A006BECC2 /* ManagedSettingsUI.framework */,
			);
			name = Frameworks;
			sourceTree = "<group>";
		};
		D84293562E27A65C00062B39 = {
			isa = PBXGroup;
			children = (
				D84293612E27A65C00062B39 /* Cognize */,
				D83E29D32E2A6FBB006BECC2 /* CognizeMonitor */,
				D83E29E92E2A882A006BECC2 /* CognizeShieldConfiguration */,
				D83E29FB2E2A8880006BECC2 /* CognizeShieldActionExtension */,
				D8EEDE842E2F998100EB3DF6 /* CognizeReportExtension */,
				D83E29D02E2A6FBB006BECC2 /* Frameworks */,
				D84293602E27A65C00062B39 /* Products */,
			);
			sourceTree = "<group>";
		};
		D84293602E27A65C00062B39 /* Products */ = {
			isa = PBXGroup;
			children = (
				D842935F2E27A65C00062B39 /* Cognize.app */,
				D83E29CF2E2A6FBB006BECC2 /* CognizeMonitor.appex */,
				D83E29E42E2A882A006BECC2 /* CognizeShieldConfiguration.appex */,
				D83E29F92E2A8880006BECC2 /* CognizeShieldActionExtension.appex */,
				D8EEDE832E2F998100EB3DF6 /* CognizeReportExtension.appex */,
			);
			name = Products;
			sourceTree = "<group>";
		};
/* End PBXGroup section */

/* Begin PBXNativeTarget section */
		D83E29CE2E2A6FBB006BECC2 /* CognizeMonitor */ = {
			isa = PBXNativeTarget;
			buildConfigurationList = D83E29DC2E2A6FBB006BECC2 /* Build configuration list for PBXNativeTarget "CognizeMonitor" */;
			buildPhases = (
				D83E29CB2E2A6FBB006BECC2 /* Sources */,
				D83E29CC2E2A6FBB006BECC2 /* Frameworks */,
				D83E29CD2E2A6FBB006BECC2 /* Resources */,
			);
			buildRules = (
			);
			dependencies = (
			);
			fileSystemSynchronizedGroups = (
				D83E29D32E2A6FBB006BECC2 /* CognizeMonitor */,
			);
			name = CognizeMonitor;
			packageProductDependencies = (
			);
			productName = MyMonitor;
			productReference = D83E29CF2E2A6FBB006BECC2 /* CognizeMonitor.appex */;
			productType = "com.apple.product-type.app-extension";
		};
		D83E29E32E2A882A006BECC2 /* CognizeShieldConfiguration */ = {
			isa = PBXNativeTarget;
			buildConfigurationList = D83E29F22E2A882A006BECC2 /* Build configuration list for PBXNativeTarget "CognizeShieldConfiguration" */;
			buildPhases = (
				D83E29E02E2A882A006BECC2 /* Sources */,
				D83E29E12E2A882A006BECC2 /* Frameworks */,
				D83E29E22E2A882A006BECC2 /* Resources */,
			);
			buildRules = (
			);
			dependencies = (
			);
			fileSystemSynchronizedGroups = (
				D83E29E92E2A882A006BECC2 /* CognizeShieldConfiguration */,
			);
			name = CognizeShieldConfiguration;
			packageProductDependencies = (
			);
			productName = MyShieldConfiguration;
			productReference = D83E29E42E2A882A006BECC2 /* CognizeShieldConfiguration.appex */;
			productType = "com.apple.product-type.app-extension";
		};
		D83E29F82E2A8880006BECC2 /* CognizeShieldActionExtension */ = {
			isa = PBXNativeTarget;
			buildConfigurationList = D83E2A042E2A8880006BECC2 /* Build configuration list for PBXNativeTarget "CognizeShieldActionExtension" */;
			buildPhases = (
				D83E29F52E2A8880006BECC2 /* Sources */,
				D83E29F62E2A8880006BECC2 /* Frameworks */,
				D83E29F72E2A8880006BECC2 /* Resources */,
			);
			buildRules = (
			);
			dependencies = (
			);
			fileSystemSynchronizedGroups = (
				D83E29FB2E2A8880006BECC2 /* CognizeShieldActionExtension */,
			);
			name = CognizeShieldActionExtension;
			packageProductDependencies = (
			);
			productName = MyShieldActionExtension;
			productReference = D83E29F92E2A8880006BECC2 /* CognizeShieldActionExtension.appex */;
			productType = "com.apple.product-type.app-extension";
		};
		D842935E2E27A65C00062B39 /* Cognize */ = {
			isa = PBXNativeTarget;
			buildConfigurationList = D842936A2E27A65D00062B39 /* Build configuration list for PBXNativeTarget "Cognize" */;
			buildPhases = (
				D842935B2E27A65C00062B39 /* Sources */,
				D842935C2E27A65C00062B39 /* Frameworks */,
				D842935D2E27A65C00062B39 /* Resources */,
				D83E29DF2E2A6FBB006BECC2 /* Embed Foundation Extensions */,
				D8EEDE942E2F998100EB3DF6 /* Embed ExtensionKit Extensions */,
			);
			buildRules = (
			);
			dependencies = (
				D83E29D92E2A6FBB006BECC2 /* PBXTargetDependency */,
				D83E29EF2E2A882A006BECC2 /* PBXTargetDependency */,
				D83E2A012E2A8880006BECC2 /* PBXTargetDependency */,
				D8EEDE8E2E2F998100EB3DF6 /* PBXTargetDependency */,
			);
			fileSystemSynchronizedGroups = (
				D84293612E27A65C00062B39 /* Cognize */,
			);
			name = Cognize;
			packageProductDependencies = (
			);
			productName = Cognize;
			productReference = D842935F2E27A65C00062B39 /* Cognize.app */;
			productType = "com.apple.product-type.application";
		};
		D8EEDE822E2F998100EB3DF6 /* CognizeReportExtension */ = {
			isa = PBXNativeTarget;
			buildConfigurationList = D8EEDE912E2F998100EB3DF6 /* Build configuration list for PBXNativeTarget "CognizeReportExtension" */;
			buildPhases = (
				D8EEDE7F2E2F998100EB3DF6 /* Sources */,
				D8EEDE802E2F998100EB3DF6 /* Frameworks */,
				D8EEDE812E2F998100EB3DF6 /* Resources */,
			);
			buildRules = (
			);
			dependencies = (
			);
			fileSystemSynchronizedGroups = (
				D8EEDE842E2F998100EB3DF6 /* CognizeReportExtension */,
			);
			name = CognizeReportExtension;
			packageProductDependencies = (
			);
			productName = CognizeReportExtension;
			productReference = D8EEDE832E2F998100EB3DF6 /* CognizeReportExtension.appex */;
			productType = "com.apple.product-type.extensionkit-extension";
		};
/* End PBXNativeTarget section */

/* Begin PBXProject section */
		D84293572E27A65C00062B39 /* Project object */ = {
			isa = PBXProject;
			attributes = {
				BuildIndependentTargetsInParallel = 1;
				LastSwiftUpdateCheck = 1640;
				LastUpgradeCheck = 1640;
				TargetAttributes = {
					D83E29CE2E2A6FBB006BECC2 = {
						CreatedOnToolsVersion = 16.4;
					};
					D83E29E32E2A882A006BECC2 = {
						CreatedOnToolsVersion = 16.4;
					};
					D83E29F82E2A8880006BECC2 = {
						CreatedOnToolsVersion = 16.4;
					};
					D842935E2E27A65C00062B39 = {
						CreatedOnToolsVersion = 16.4;
					};
					D8EEDE822E2F998100EB3DF6 = {
						CreatedOnToolsVersion = 16.4;
					};
				};
			};
			buildConfigurationList = D842935A2E27A65C00062B39 /* Build configuration list for PBXProject "Cognize" */;
			developmentRegion = en;
			hasScannedForEncodings = 0;
			knownRegions = (
				en,
				Base,
			);
			mainGroup = D84293562E27A65C00062B39;
			minimizedProjectReferenceProxies = 1;
			preferredProjectObjectVersion = 77;
			productRefGroup = D84293602E27A65C00062B39 /* Products */;
			projectDirPath = "";
			projectRoot = "";
			targets = (
				D842935E2E27A65C00062B39 /* Cognize */,
				D83E29CE2E2A6FBB006BECC2 /* CognizeMonitor */,
				D83E29E32E2A882A006BECC2 /* CognizeShieldConfiguration */,
				D83E29F82E2A8880006BECC2 /* CognizeShieldActionExtension */,
				D8EEDE822E2F998100EB3DF6 /* CognizeReportExtension */,
			);
		};
/* End PBXProject section */

/* Begin PBXResourcesBuildPhase section */
		D83E29CD2E2A6FBB006BECC2 /* Resources */ = {
			isa = PBXResourcesBuildPhase;
			buildActionMask = 2147483647;
			files = (
			);
			runOnlyForDeploymentPostprocessing = 0;
		};
		D83E29E22E2A882A006BECC2 /* Resources */ = {
			isa = PBXResourcesBuildPhase;
			buildActionMask = 2147483647;
			files = (
			);
			runOnlyForDeploymentPostprocessing = 0;
		};
		D83E29F72E2A8880006BECC2 /* Resources */ = {
			isa = PBXResourcesBuildPhase;
			buildActionMask = 2147483647;
			files = (
			);
			runOnlyForDeploymentPostprocessing = 0;
		};
		D842935D2E27A65C00062B39 /* Resources */ = {
			isa = PBXResourcesBuildPhase;
			buildActionMask = 2147483647;
			files = (
			);
			runOnlyForDeploymentPostprocessing = 0;
		};
		D8EEDE812E2F998100EB3DF6 /* Resources */ = {
			isa = PBXResourcesBuildPhase;
			buildActionMask = 2147483647;
			files = (
			);
			runOnlyForDeploymentPostprocessing = 0;
		};
/* End PBXResourcesBuildPhase section */

/* Begin PBXSourcesBuildPhase section */
		D83E29CB2E2A6FBB006BECC2 /* Sources */ = {
			isa = PBXSourcesBuildPhase;
			buildActionMask = 2147483647;
			files = (
			);
			runOnlyForDeploymentPostprocessing = 0;
		};
		D83E29E02E2A882A006BECC2 /* Sources */ = {
			isa = PBXSourcesBuildPhase;
			buildActionMask = 2147483647;
			files = (
			);
			runOnlyForDeploymentPostprocessing = 0;
		};
		D83E29F52E2A8880006BECC2 /* Sources */ = {
			isa = PBXSourcesBuildPhase;
			buildActionMask = 2147483647;
			files = (
			);
			runOnlyForDeploymentPostprocessing = 0;
		};
		D842935B2E27A65C00062B39 /* Sources */ = {
			isa = PBXSourcesBuildPhase;
			buildActionMask = 2147483647;
			files = (
			);
			runOnlyForDeploymentPostprocessing = 0;
		};
		D8EEDE7F2E2F998100EB3DF6 /* Sources */ = {
			isa = PBXSourcesBuildPhase;
			buildActionMask = 2147483647;
			files = (
			);
			runOnlyForDeploymentPostprocessing = 0;
		};
/* End PBXSourcesBuildPhase section */

/* Begin PBXTargetDependency section */
		D83E29D92E2A6FBB006BECC2 /* PBXTargetDependency */ = {
			isa = PBXTargetDependency;
			target = D83E29CE2E2A6FBB006BECC2 /* CognizeMonitor */;
			targetProxy = D83E29D82E2A6FBB006BECC2 /* PBXContainerItemProxy */;
		};
		D83E29EF2E2A882A006BECC2 /* PBXTargetDependency */ = {
			isa = PBXTargetDependency;
			target = D83E29E32E2A882A006BECC2 /* CognizeShieldConfiguration */;
			targetProxy = D83E29EE2E2A882A006BECC2 /* PBXContainerItemProxy */;
		};
		D83E2A012E2A8880006BECC2 /* PBXTargetDependency */ = {
			isa = PBXTargetDependency;
			target = D83E29F82E2A8880006BECC2 /* CognizeShieldActionExtension */;
			targetProxy = D83E2A002E2A8880006BECC2 /* PBXContainerItemProxy */;
		};
		D8EEDE8E2E2F998100EB3DF6 /* PBXTargetDependency */ = {
			isa = PBXTargetDependency;
			target = D8EEDE822E2F998100EB3DF6 /* CognizeReportExtension */;
			targetProxy = D8EEDE8D2E2F998100EB3DF6 /* PBXContainerItemProxy */;
		};
/* End PBXTargetDependency section */

/* Begin XCBuildConfiguration section */
		D83E29DD2E2A6FBB006BECC2 /* Debug */ = {
			isa = XCBuildConfiguration;
			buildSettings = {
				CODE_SIGN_ENTITLEMENTS = CognizeMonitor/CognizeMonitor.entitlements;
				CODE_SIGN_STYLE = Automatic;
				CURRENT_PROJECT_VERSION = 1;
				DEVELOPMENT_TEAM = 65ZG4NKQUS;
				GENERATE_INFOPLIST_FILE = YES;
				INFOPLIST_FILE = CognizeMonitor/Info.plist;
				INFOPLIST_KEY_CFBundleDisplayName = CognizeMonitor;
				INFOPLIST_KEY_NSHumanReadableCopyright = "";
				LD_RUNPATH_SEARCH_PATHS = (
					"$(inherited)",
					"@executable_path/Frameworks",
					"@executable_path/../../Frameworks",
				);
				MARKETING_VERSION = 1.0;
				PRODUCT_BUNDLE_IDENTIFIER = com.app.cognize.CognizeMonitor;
				PRODUCT_NAME = "$(TARGET_NAME)";
				SKIP_INSTALL = YES;
				SWIFT_EMIT_LOC_STRINGS = YES;
				SWIFT_VERSION = 5.0;
				TARGETED_DEVICE_FAMILY = "1,2";
			};
			name = Debug;
		};
		D83E29DE2E2A6FBB006BECC2 /* Release */ = {
			isa = XCBuildConfiguration;
			buildSettings = {
				CODE_SIGN_ENTITLEMENTS = CognizeMonitor/CognizeMonitor.entitlements;
				CODE_SIGN_STYLE = Automatic;
				CURRENT_PROJECT_VERSION = 1;
				DEVELOPMENT_TEAM = 65ZG4NKQUS;
				GENERATE_INFOPLIST_FILE = YES;
				INFOPLIST_FILE = CognizeMonitor/Info.plist;
				INFOPLIST_KEY_CFBundleDisplayName = CognizeMonitor;
				INFOPLIST_KEY_NSHumanReadableCopyright = "";
				LD_RUNPATH_SEARCH_PATHS = (
					"$(inherited)",
					"@executable_path/Frameworks",
					"@executable_path/../../Frameworks",
				);
				MARKETING_VERSION = 1.0;
				PRODUCT_BUNDLE_IDENTIFIER = com.app.cognize.CognizeMonitor;
				PRODUCT_NAME = "$(TARGET_NAME)";
				SKIP_INSTALL = YES;
				SWIFT_EMIT_LOC_STRINGS = YES;
				SWIFT_VERSION = 5.0;
				TARGETED_DEVICE_FAMILY = "1,2";
			};
			name = Release;
		};
		D83E29F32E2A882A006BECC2 /* Debug */ = {
			isa = XCBuildConfiguration;
			buildSettings = {
				CODE_SIGN_ENTITLEMENTS = CognizeShieldConfiguration/CognizeShieldConfiguration.entitlements;
				CODE_SIGN_STYLE = Automatic;
				CURRENT_PROJECT_VERSION = 1;
				DEVELOPMENT_TEAM = 65ZG4NKQUS;
				GENERATE_INFOPLIST_FILE = YES;
				INFOPLIST_FILE = CognizeShieldConfiguration/Info.plist;
				INFOPLIST_KEY_CFBundleDisplayName = CognizeShieldConfiguration;
				INFOPLIST_KEY_NSHumanReadableCopyright = "";
				LD_RUNPATH_SEARCH_PATHS = (
					"$(inherited)",
					"@executable_path/Frameworks",
					"@executable_path/../../Frameworks",
				);
				MARKETING_VERSION = 1.0;
				PRODUCT_BUNDLE_IDENTIFIER = com.app.cognize.CognizeShieldConfiguration;
				PRODUCT_NAME = "$(TARGET_NAME)";
				SKIP_INSTALL = YES;
				SWIFT_EMIT_LOC_STRINGS = YES;
				SWIFT_VERSION = 5.0;
				TARGETED_DEVICE_FAMILY = "1,2";
			};
			name = Debug;
		};
		D83E29F42E2A882A006BECC2 /* Release */ = {
			isa = XCBuildConfiguration;
			buildSettings = {
				CODE_SIGN_ENTITLEMENTS = CognizeShieldConfiguration/CognizeShieldConfiguration.entitlements;
				CODE_SIGN_STYLE = Automatic;
				CURRENT_PROJECT_VERSION = 1;
				DEVELOPMENT_TEAM = 65ZG4NKQUS;
				GENERATE_INFOPLIST_FILE = YES;
				INFOPLIST_FILE = CognizeShieldConfiguration/Info.plist;
				INFOPLIST_KEY_CFBundleDisplayName = CognizeShieldConfiguration;
				INFOPLIST_KEY_NSHumanReadableCopyright = "";
				LD_RUNPATH_SEARCH_PATHS = (
					"$(inherited)",
					"@executable_path/Frameworks",
					"@executable_path/../../Frameworks",
				);
				MARKETING_VERSION = 1.0;
				PRODUCT_BUNDLE_IDENTIFIER = com.app.cognize.CognizeShieldConfiguration;
				PRODUCT_NAME = "$(TARGET_NAME)";
				SKIP_INSTALL = YES;
				SWIFT_EMIT_LOC_STRINGS = YES;
				SWIFT_VERSION = 5.0;
				TARGETED_DEVICE_FAMILY = "1,2";
			};
			name = Release;
		};
		D83E2A052E2A8880006BECC2 /* Debug */ = {
			isa = XCBuildConfiguration;
			buildSettings = {
				CODE_SIGN_ENTITLEMENTS = CognizeShieldActionExtension/CognizeShieldActionExtension.entitlements;
				CODE_SIGN_STYLE = Automatic;
				CURRENT_PROJECT_VERSION = 1;
				DEVELOPMENT_TEAM = 65ZG4NKQUS;
				GENERATE_INFOPLIST_FILE = YES;
				INFOPLIST_FILE = CognizeShieldActionExtension/Info.plist;
				INFOPLIST_KEY_CFBundleDisplayName = CognizeShieldActionExtension;
				INFOPLIST_KEY_NSHumanReadableCopyright = "";
				LD_RUNPATH_SEARCH_PATHS = (
					"$(inherited)",
					"@executable_path/Frameworks",
					"@executable_path/../../Frameworks",
				);
				MARKETING_VERSION = 1.0;
				PRODUCT_BUNDLE_IDENTIFIER = com.app.cognize.CognizeShieldActionExtension;
				PRODUCT_NAME = "$(TARGET_NAME)";
				SKIP_INSTALL = YES;
				SWIFT_EMIT_LOC_STRINGS = YES;
				SWIFT_VERSION = 5.0;
				TARGETED_DEVICE_FAMILY = "1,2";
			};
			name = Debug;
		};
		D83E2A062E2A8880006BECC2 /* Release */ = {
			isa = XCBuildConfiguration;
			buildSettings = {
				CODE_SIGN_ENTITLEMENTS = CognizeShieldActionExtension/CognizeShieldActionExtension.entitlements;
				CODE_SIGN_STYLE = Automatic;
				CURRENT_PROJECT_VERSION = 1;
				DEVELOPMENT_TEAM = 65ZG4NKQUS;
				GENERATE_INFOPLIST_FILE = YES;
				INFOPLIST_FILE = CognizeShieldActionExtension/Info.plist;
				INFOPLIST_KEY_CFBundleDisplayName = CognizeShieldActionExtension;
				INFOPLIST_KEY_NSHumanReadableCopyright = "";
				LD_RUNPATH_SEARCH_PATHS = (
					"$(inherited)",
					"@executable_path/Frameworks",
					"@executable_path/../../Frameworks",
				);
				MARKETING_VERSION = 1.0;
				PRODUCT_BUNDLE_IDENTIFIER = com.app.cognize.CognizeShieldActionExtension;
				PRODUCT_NAME = "$(TARGET_NAME)";
				SKIP_INSTALL = YES;
				SWIFT_EMIT_LOC_STRINGS = YES;
				SWIFT_VERSION = 5.0;
				TARGETED_DEVICE_FAMILY = "1,2";
			};
			name = Release;
		};
		D84293682E27A65D00062B39 /* Debug */ = {
			isa = XCBuildConfiguration;
			buildSettings = {
				ALWAYS_SEARCH_USER_PATHS = NO;
				ASSETCATALOG_COMPILER_GENERATE_SWIFT_ASSET_SYMBOL_EXTENSIONS = YES;
				CLANG_ANALYZER_NONNULL = YES;
				CLANG_ANALYZER_NUMBER_OBJECT_CONVERSION = YES_AGGRESSIVE;
				CLANG_CXX_LANGUAGE_STANDARD = "gnu++20";
				CLANG_ENABLE_MODULES = YES;
				CLANG_ENABLE_OBJC_ARC = YES;
				CLANG_ENABLE_OBJC_WEAK = YES;
				CLANG_WARN_BLOCK_CAPTURE_AUTORELEASING = YES;
				CLANG_WARN_BOOL_CONVERSION = YES;
				CLANG_WARN_COMMA = YES;
				CLANG_WARN_CONSTANT_CONVERSION = YES;
				CLANG_WARN_DEPRECATED_OBJC_IMPLEMENTATIONS = YES;
				CLANG_WARN_DIRECT_OBJC_ISA_USAGE = YES_ERROR;
				CLANG_WARN_DOCUMENTATION_COMMENTS = YES;
				CLANG_WARN_EMPTY_BODY = YES;
				CLANG_WARN_ENUM_CONVERSION = YES;
				CLANG_WARN_INFINITE_RECURSION = YES;
				CLANG_WARN_INT_CONVERSION = YES;
				CLANG_WARN_NON_LITERAL_NULL_CONVERSION = YES;
				CLANG_WARN_OBJC_IMPLICIT_RETAIN_SELF = YES;
				CLANG_WARN_OBJC_LITERAL_CONVERSION = YES;
				CLANG_WARN_OBJC_ROOT_CLASS = YES_ERROR;
				CLANG_WARN_QUOTED_INCLUDE_IN_FRAMEWORK_HEADER = YES;
				CLANG_WARN_RANGE_LOOP_ANALYSIS = YES;
				CLANG_WARN_STRICT_PROTOTYPES = YES;
				CLANG_WARN_SUSPICIOUS_MOVE = YES;
				CLANG_WARN_UNGUARDED_AVAILABILITY = YES_AGGRESSIVE;
				CLANG_WARN_UNREACHABLE_CODE = YES;
				CLANG_WARN__DUPLICATE_METHOD_MATCH = YES;
				COPY_PHASE_STRIP = NO;
				DEBUG_INFORMATION_FORMAT = dwarf;
				DEVELOPMENT_TEAM = 65ZG4NKQUS;
				ENABLE_STRICT_OBJC_MSGSEND = YES;
				ENABLE_TESTABILITY = YES;
				ENABLE_USER_SCRIPT_SANDBOXING = YES;
				GCC_C_LANGUAGE_STANDARD = gnu17;
				GCC_DYNAMIC_NO_PIC = NO;
				GCC_NO_COMMON_BLOCKS = YES;
				GCC_OPTIMIZATION_LEVEL = 0;
				GCC_PREPROCESSOR_DEFINITIONS = (
					"DEBUG=1",
					"$(inherited)",
				);
				GCC_WARN_64_TO_32_BIT_CONVERSION = YES;
				GCC_WARN_ABOUT_RETURN_TYPE = YES_ERROR;
				GCC_WARN_UNDECLARED_SELECTOR = YES;
				GCC_WARN_UNINITIALIZED_AUTOS = YES_AGGRESSIVE;
				GCC_WARN_UNUSED_FUNCTION = YES;
				GCC_WARN_UNUSED_VARIABLE = YES;
				IPHONEOS_DEPLOYMENT_TARGET = 18.5;
				LOCALIZATION_PREFERS_STRING_CATALOGS = YES;
				MTL_ENABLE_DEBUG_INFO = INCLUDE_SOURCE;
				MTL_FAST_MATH = YES;
				ONLY_ACTIVE_ARCH = YES;
				SDKROOT = iphoneos;
				SWIFT_ACTIVE_COMPILATION_CONDITIONS = "DEBUG $(inherited)";
				SWIFT_OPTIMIZATION_LEVEL = "-Onone";
			};
			name = Debug;
		};
		D84293692E27A65D00062B39 /* Release */ = {
			isa = XCBuildConfiguration;
			buildSettings = {
				ALWAYS_SEARCH_USER_PATHS = NO;
				ASSETCATALOG_COMPILER_GENERATE_SWIFT_ASSET_SYMBOL_EXTENSIONS = YES;
				CLANG_ANALYZER_NONNULL = YES;
				CLANG_ANALYZER_NUMBER_OBJECT_CONVERSION = YES_AGGRESSIVE;
				CLANG_CXX_LANGUAGE_STANDARD = "gnu++20";
				CLANG_ENABLE_MODULES = YES;
				CLANG_ENABLE_OBJC_ARC = YES;
				CLANG_ENABLE_OBJC_WEAK = YES;
				CLANG_WARN_BLOCK_CAPTURE_AUTORELEASING = YES;
				CLANG_WARN_BOOL_CONVERSION = YES;
				CLANG_WARN_COMMA = YES;
				CLANG_WARN_CONSTANT_CONVERSION = YES;
				CLANG_WARN_DEPRECATED_OBJC_IMPLEMENTATIONS = YES;
				CLANG_WARN_DIRECT_OBJC_ISA_USAGE = YES_ERROR;
				CLANG_WARN_DOCUMENTATION_COMMENTS = YES;
				CLANG_WARN_EMPTY_BODY = YES;
				CLANG_WARN_ENUM_CONVERSION = YES;
				CLANG_WARN_INFINITE_RECURSION = YES;
				CLANG_WARN_INT_CONVERSION = YES;
				CLANG_WARN_NON_LITERAL_NULL_CONVERSION = YES;
				CLANG_WARN_OBJC_IMPLICIT_RETAIN_SELF = YES;
				CLANG_WARN_OBJC_LITERAL_CONVERSION = YES;
				CLANG_WARN_OBJC_ROOT_CLASS = YES_ERROR;
				CLANG_WARN_QUOTED_INCLUDE_IN_FRAMEWORK_HEADER = YES;
				CLANG_WARN_RANGE_LOOP_ANALYSIS = YES;
				CLANG_WARN_STRICT_PROTOTYPES = YES;
				CLANG_WARN_SUSPICIOUS_MOVE = YES;
				CLANG_WARN_UNGUARDED_AVAILABILITY = YES_AGGRESSIVE;
				CLANG_WARN_UNREACHABLE_CODE = YES;
				CLANG_WARN__DUPLICATE_METHOD_MATCH = YES;
				COPY_PHASE_STRIP = NO;
				DEBUG_INFORMATION_FORMAT = "dwarf-with-dsym";
				DEVELOPMENT_TEAM = 65ZG4NKQUS;
				ENABLE_NS_ASSERTIONS = NO;
				ENABLE_STRICT_OBJC_MSGSEND = YES;
				ENABLE_USER_SCRIPT_SANDBOXING = YES;
				GCC_C_LANGUAGE_STANDARD = gnu17;
				GCC_NO_COMMON_BLOCKS = YES;
				GCC_WARN_64_TO_32_BIT_CONVERSION = YES;
				GCC_WARN_ABOUT_RETURN_TYPE = YES_ERROR;
				GCC_WARN_UNDECLARED_SELECTOR = YES;
				GCC_WARN_UNINITIALIZED_AUTOS = YES_AGGRESSIVE;
				GCC_WARN_UNUSED_FUNCTION = YES;
				GCC_WARN_UNUSED_VARIABLE = YES;
				IPHONEOS_DEPLOYMENT_TARGET = 18.5;
				LOCALIZATION_PREFERS_STRING_CATALOGS = YES;
				MTL_ENABLE_DEBUG_INFO = NO;
				MTL_FAST_MATH = YES;
				SDKROOT = iphoneos;
				SWIFT_COMPILATION_MODE = wholemodule;
				VALIDATE_PRODUCT = YES;
			};
			name = Release;
		};
		D842936B2E27A65D00062B39 /* Debug */ = {
			isa = XCBuildConfiguration;
			buildSettings = {
				ASSETCATALOG_COMPILER_APPICON_NAME = AppIcon;
				ASSETCATALOG_COMPILER_GLOBAL_ACCENT_COLOR_NAME = AccentColor;
				CODE_SIGN_ENTITLEMENTS = Cognize/Cognize.entitlements;
				CODE_SIGN_STYLE = Automatic;
				CURRENT_PROJECT_VERSION = 1;
				DEVELOPMENT_TEAM = 65ZG4NKQUS;
				ENABLE_PREVIEWS = YES;
				GENERATE_INFOPLIST_FILE = YES;
				INFOPLIST_KEY_UIApplicationSceneManifest_Generation = YES;
				INFOPLIST_KEY_UIApplicationSupportsIndirectInputEvents = YES;
				INFOPLIST_KEY_UILaunchScreen_Generation = YES;
				INFOPLIST_KEY_UISupportedInterfaceOrientations_iPad = "UIInterfaceOrientationPortrait UIInterfaceOrientationPortraitUpsideDown UIInterfaceOrientationLandscapeLeft UIInterfaceOrientationLandscapeRight";
				INFOPLIST_KEY_UISupportedInterfaceOrientations_iPhone = "UIInterfaceOrientationPortrait UIInterfaceOrientationLandscapeLeft UIInterfaceOrientationLandscapeRight";
				LD_RUNPATH_SEARCH_PATHS = (
					"$(inherited)",
					"@executable_path/Frameworks",
				);
				MARKETING_VERSION = 1.0;
				PRODUCT_BUNDLE_IDENTIFIER = com.app.cognize;
				PRODUCT_NAME = "$(TARGET_NAME)";
				SWIFT_EMIT_LOC_STRINGS = YES;
				SWIFT_VERSION = 5.0;
				TARGETED_DEVICE_FAMILY = "1,2";
			};
			name = Debug;
		};
		D842936C2E27A65D00062B39 /* Release */ = {
			isa = XCBuildConfiguration;
			buildSettings = {
				ASSETCATALOG_COMPILER_APPICON_NAME = AppIcon;
				ASSETCATALOG_COMPILER_GLOBAL_ACCENT_COLOR_NAME = AccentColor;
				CODE_SIGN_ENTITLEMENTS = Cognize/Cognize.entitlements;
				CODE_SIGN_STYLE = Automatic;
				CURRENT_PROJECT_VERSION = 1;
				DEVELOPMENT_TEAM = 65ZG4NKQUS;
				ENABLE_PREVIEWS = YES;
				GENERATE_INFOPLIST_FILE = YES;
				INFOPLIST_KEY_UIApplicationSceneManifest_Generation = YES;
				INFOPLIST_KEY_UIApplicationSupportsIndirectInputEvents = YES;
				INFOPLIST_KEY_UILaunchScreen_Generation = YES;
				INFOPLIST_KEY_UISupportedInterfaceOrientations_iPad = "UIInterfaceOrientationPortrait UIInterfaceOrientationPortraitUpsideDown UIInterfaceOrientationLandscapeLeft UIInterfaceOrientationLandscapeRight";
				INFOPLIST_KEY_UISupportedInterfaceOrientations_iPhone = "UIInterfaceOrientationPortrait UIInterfaceOrientationLandscapeLeft UIInterfaceOrientationLandscapeRight";
				LD_RUNPATH_SEARCH_PATHS = (
					"$(inherited)",
					"@executable_path/Frameworks",
				);
				MARKETING_VERSION = 1.0;
				PRODUCT_BUNDLE_IDENTIFIER = com.app.cognize;
				PRODUCT_NAME = "$(TARGET_NAME)";
				SWIFT_EMIT_LOC_STRINGS = YES;
				SWIFT_VERSION = 5.0;
				TARGETED_DEVICE_FAMILY = "1,2";
			};
			name = Release;
		};
		D8EEDE922E2F998100EB3DF6 /* Debug */ = {
			isa = XCBuildConfiguration;
			buildSettings = {
				CODE_SIGN_ENTITLEMENTS = CognizeReportExtension/CognizeReportExtension.entitlements;
				CODE_SIGN_STYLE = Automatic;
				CURRENT_PROJECT_VERSION = 1;
				DEVELOPMENT_TEAM = 65ZG4NKQUS;
				GENERATE_INFOPLIST_FILE = YES;
				INFOPLIST_FILE = CognizeReportExtension/Info.plist;
				INFOPLIST_KEY_CFBundleDisplayName = CognizeReportExtension;
				INFOPLIST_KEY_NSHumanReadableCopyright = "";
				LD_RUNPATH_SEARCH_PATHS = (
					"$(inherited)",
					"@executable_path/Frameworks",
					"@executable_path/../../Frameworks",
				);
				MARKETING_VERSION = 1.0;
				PRODUCT_BUNDLE_IDENTIFIER = com.app.cognize.CognizeReportExtension;
				PRODUCT_NAME = "$(TARGET_NAME)";
				SKIP_INSTALL = YES;
				SWIFT_EMIT_LOC_STRINGS = YES;
				SWIFT_VERSION = 5.0;
				TARGETED_DEVICE_FAMILY = "1,2";
			};
			name = Debug;
		};
		D8EEDE932E2F998100EB3DF6 /* Release */ = {
			isa = XCBuildConfiguration;
			buildSettings = {
				CODE_SIGN_ENTITLEMENTS = CognizeReportExtension/CognizeReportExtension.entitlements;
				CODE_SIGN_STYLE = Automatic;
				CURRENT_PROJECT_VERSION = 1;
				DEVELOPMENT_TEAM = 65ZG4NKQUS;
				GENERATE_INFOPLIST_FILE = YES;
				INFOPLIST_FILE = CognizeReportExtension/Info.plist;
				INFOPLIST_KEY_CFBundleDisplayName = CognizeReportExtension;
				INFOPLIST_KEY_NSHumanReadableCopyright = "";
				LD_RUNPATH_SEARCH_PATHS = (
					"$(inherited)",
					"@executable_path/Frameworks",
					"@executable_path/../../Frameworks",
				);
				MARKETING_VERSION = 1.0;
				PRODUCT_BUNDLE_IDENTIFIER = com.app.cognize.CognizeReportExtension;
				PRODUCT_NAME = "$(TARGET_NAME)";
				SKIP_INSTALL = YES;
				SWIFT_EMIT_LOC_STRINGS = YES;
				SWIFT_VERSION = 5.0;
				TARGETED_DEVICE_FAMILY = "1,2";
			};
			name = Release;
		};
/* End XCBuildConfiguration section */

/* Begin XCConfigurationList section */
		D83E29DC2E2A6FBB006BECC2 /* Build configuration list for PBXNativeTarget "CognizeMonitor" */ = {
			isa = XCConfigurationList;
			buildConfigurations = (
				D83E29DD2E2A6FBB006BECC2 /* Debug */,
				D83E29DE2E2A6FBB006BECC2 /* Release */,
			);
			defaultConfigurationIsVisible = 0;
			defaultConfigurationName = Release;
		};
		D83E29F22E2A882A006BECC2 /* Build configuration list for PBXNativeTarget "CognizeShieldConfiguration" */ = {
			isa = XCConfigurationList;
			buildConfigurations = (
				D83E29F32E2A882A006BECC2 /* Debug */,
				D83E29F42E2A882A006BECC2 /* Release */,
			);
			defaultConfigurationIsVisible = 0;
			defaultConfigurationName = Release;
		};
		D83E2A042E2A8880006BECC2 /* Build configuration list for PBXNativeTarget "CognizeShieldActionExtension" */ = {
			isa = XCConfigurationList;
			buildConfigurations = (
				D83E2A052E2A8880006BECC2 /* Debug */,
				D83E2A062E2A8880006BECC2 /* Release */,
			);
			defaultConfigurationIsVisible = 0;
			defaultConfigurationName = Release;
		};
		D842935A2E27A65C00062B39 /* Build configuration list for PBXProject "Cognize" */ = {
			isa = XCConfigurationList;
			buildConfigurations = (
				D84293682E27A65D00062B39 /* Debug */,
				D84293692E27A65D00062B39 /* Release */,
			);
			defaultConfigurationIsVisible = 0;
			defaultConfigurationName = Release;
		};
		D842936A2E27A65D00062B39 /* Build configuration list for PBXNativeTarget "Cognize" */ = {
			isa = XCConfigurationList;
			buildConfigurations = (
				D842936B2E27A65D00062B39 /* Debug */,
				D842936C2E27A65D00062B39 /* Release */,
			);
			defaultConfigurationIsVisible = 0;
			defaultConfigurationName = Release;
		};
		D8EEDE912E2F998100EB3DF6 /* Build configuration list for PBXNativeTarget "CognizeReportExtension" */ = {
			isa = XCConfigurationList;
			buildConfigurations = (
				D8EEDE922E2F998100EB3DF6 /* Debug */,
				D8EEDE932E2F998100EB3DF6 /* Release */,
			);
			defaultConfigurationIsVisible = 0;
			defaultConfigurationName = Release;
		};
/* End XCConfigurationList section */
	};
	rootObject = D84293572E27A65C00062B39 /* Project object */;
}
